
Microsoft Visual Studio Solution File, Format Version 12.00
# Visual Studio 2013
VisualStudioVersion = 12.0.21005.1
MinimumVisualStudioVersion = 10.0.40219.1
Project("{FAE04EC0-301F-11D3-BF4B-00C04F79EFBC}") = "Dharvik", "Dharvik\Dharvik.csproj", "{98D3319C-F544-4967-B302-C0E5526980D2}"
EndProject
Project("{FAE04EC0-301F-11D3-BF4B-00C04F79EFBC}") = "Dharvik.Tests", "Dharvik.Tests\Dharvik.Tests.csproj", "{B33511EA-8BB4-454A-8E9C-CF88CC73F64D}"
EndProject
Project("{FAE04EC0-301F-11D3-BF4B-00C04F79EFBC}") = "Dharvik.Data", "Dharvik.Data\Dharvik.Data.csproj", "{3D48CE03-A97D-4379-980D-22747ED7FD57}"
EndProject
Global
	GlobalSection(SolutionConfigurationPlatforms) = preSolution
		Debug|Any CPU = Debug|Any CPU
		Release|Any CPU = Release|Any CPU
	EndGlobalSection
	GlobalSection(ProjectConfigurationPlatforms) = postSolution
		{98D3319C-F544-4967-B302-C0E5526980D2}.Debug|Any CPU.ActiveCfg = Debug|Any CPU
		{98D3319C-F544-4967-B302-C0E5526980D2}.Debug|Any CPU.Build.0 = Debug|Any CPU
		{98D3319C-F544-4967-B302-C0E5526980D2}.Release|Any CPU.ActiveCfg = Release|Any CPU
		{98D3319C-F544-4967-B302-C0E5526980D2}.Release|Any CPU.Build.0 = Release|Any CPU
		{B33511EA-8BB4-454A-8E9C-CF88CC73F64D}.Debug|Any CPU.ActiveCfg = Debug|Any CPU
		{B33511EA-8BB4-454A-8E9C-CF88CC73F64D}.Debug|Any CPU.Build.0 = Debug|Any CPU
		{B33511EA-8BB4-454A-8E9C-CF88CC73F64D}.Release|Any CPU.ActiveCfg = Release|Any CPU
		{B33511EA-8BB4-454A-8E9C-CF88CC73F64D}.Release|Any CPU.Build.0 = Release|Any CPU
		{3D48CE03-A97D-4379-980D-22747ED7FD57}.Debug|Any CPU.ActiveCfg = Debug|Any CPU
		{3D48CE03-A97D-4379-980D-22747ED7FD57}.Debug|Any CPU.Build.0 = Debug|Any CPU
		{3D48CE03-A97D-4379-980D-22747ED7FD57}.Release|Any CPU.ActiveCfg = Release|Any CPU
		{3D48CE03-A97D-4379-980D-22747ED7FD57}.Release|Any CPU.Build.0 = Release|Any CPU
	EndGlobalSection
	GlobalSection(SolutionProperties) = preSolution
		HideSolutionNode = FALSE
	EndGlobalSection
EndGlobal
